
Microsoft Visual Studio Solution File, Format Version 12.00
# Visual Studio 15
VisualStudioVersion = 15.0.28307.572
MinimumVisualStudioVersion = 10.0.40219.1
Project("{8BC9CEB8-8B4A-11D0-8D11-00A0C91BC942}") = "Common_GetCameraIntrinsics", "Common_GetCameraIntrinsics\Common_GetCameraIntrinsics.vcxproj", "{FF845C28-81B1-42B1-8AE5-C40618733432}"
EndProject
Project("{8BC9CEB8-8B4A-11D0-8D11-00A0C91BC942}") = "Common_TakeIRImage", "Common_TakeIRImage\Common_TakeIRImage.vcxproj", "{3410E374-CAE6-43DA-B206-CD1405360A78}"
EndProject
Project("{8BC9CEB8-8B4A-11D0-8D11-00A0C91BC942}") = "Common_CreateMarker", "Common_CreateMarker\Common_CreateMarker.vcxproj", "{2A741FC1-CB1B-47D2-8C88-E1E65D9C369D}"
EndProject
Project("{8BC9CEB8-8B4A-11D0-8D11-00A0C91BC942}") = "Common_MultiCamVisualOdometry", "Common_MultiCamVisualOdometry\Common_MultiCamVisualOdometry.vcxproj", "{57A6753B-93D0-4BF9-B2DA-2184D76B4226}"
EndProject
Project("{8BC9CEB8-8B4A-11D0-8D11-00A0C91BC942}") = "Common_ArgSort", "Common_ArgSort\Common_ArgSort.vcxproj", "{E862AFB5-145E-420D-801B-BFE3DC03CC7E}"
EndProject
Project("{8BC9CEB8-8B4A-11D0-8D11-00A0C91BC942}") = "Test1_ReprojectionError", "Test1_ReprojectionError\Test1_ReprojectionError.vcxproj", "{E24063E8-C72F-49B8-8572-A05160115C1B}"
EndProject
Project("{8BC9CEB8-8B4A-11D0-8D11-00A0C91BC942}") = "Test1_BundleAdjustment", "Test1_BundleAdjustment\Test1_BundleAdjustment.vcxproj", "{6B095C8A-275C-499A-B5B8-274F1D1CB66E}"
EndProject
Project("{8BC9CEB8-8B4A-11D0-8D11-00A0C91BC942}") = "Test2_GetCorrespondence", "Test2_GetCorrespondence\Test2_GetCorrespondence.vcxproj", "{270CC640-7953-42DD-951F-B2CDC39BDB48}"
EndProject
Project("{8BC9CEB8-8B4A-11D0-8D11-00A0C91BC942}") = "Test2_BundleAdjustment", "Test2_BundleAdjustment\Test2_BundleAdjustment.vcxproj", "{C6FD7E4F-D7FF-432C-8F21-D0D9A40755E2}"
EndProject
Project("{8BC9CEB8-8B4A-11D0-8D11-00A0C91BC942}") = "Test2_ReprojectionCheck", "Test2_ReprojectionCheck\Test2_ReprojectionCheck.vcxproj", "{50029422-E295-4F9C-AA18-DCD44424D92F}"
EndProject
Project("{8BC9CEB8-8B4A-11D0-8D11-00A0C91BC942}") = "Test2_TakeSynchoronizedIRImages", "Test2_TakeSynchoronizedIRImages\Test2_TakeSynchoronizedIRImages.vcxproj", "{F95E082C-641E-42C2-B1B0-F36FB87C21D0}"
EndProject
Project("{8BC9CEB8-8B4A-11D0-8D11-00A0C91BC942}") = "Test2_CreateMarkers", "Test2_CreateMarkers\Test2_CreateMarkers.vcxproj", "{2D2260F8-EB59-47CF-9E2E-C8E859E9100D}"
EndProject
Project("{8BC9CEB8-8B4A-11D0-8D11-00A0C91BC942}") = "Test2_TakeHongoIRImages", "Test2_TakeHongoIRImages\Test2_TakeHongoIRImages.vcxproj", "{52B6C3FC-6947-407F-AA20-D21C3EA3A8EE}"
EndProject
Global
	GlobalSection(SolutionConfigurationPlatforms) = preSolution
		Debug|x64 = Debug|x64
		Debug|x86 = Debug|x86
		Release|x64 = Release|x64
		Release|x86 = Release|x86
	EndGlobalSection
	GlobalSection(ProjectConfigurationPlatforms) = postSolution
		{FF845C28-81B1-42B1-8AE5-C40618733432}.Debug|x64.ActiveCfg = Debug|x64
		{FF845C28-81B1-42B1-8AE5-C40618733432}.Debug|x64.Build.0 = Debug|x64
		{FF845C28-81B1-42B1-8AE5-C40618733432}.Debug|x86.ActiveCfg = Debug|Win32
		{FF845C28-81B1-42B1-8AE5-C40618733432}.Debug|x86.Build.0 = Debug|Win32
		{FF845C28-81B1-42B1-8AE5-C40618733432}.Release|x64.ActiveCfg = Release|x64
		{FF845C28-81B1-42B1-8AE5-C40618733432}.Release|x64.Build.0 = Release|x64
		{FF845C28-81B1-42B1-8AE5-C40618733432}.Release|x86.ActiveCfg = Release|Win32
		{FF845C28-81B1-42B1-8AE5-C40618733432}.Release|x86.Build.0 = Release|Win32
		{3410E374-CAE6-43DA-B206-CD1405360A78}.Debug|x64.ActiveCfg = Debug|x64
		{3410E374-CAE6-43DA-B206-CD1405360A78}.Debug|x64.Build.0 = Debug|x64
		{3410E374-CAE6-43DA-B206-CD1405360A78}.Debug|x86.ActiveCfg = Debug|Win32
		{3410E374-CAE6-43DA-B206-CD1405360A78}.Debug|x86.Build.0 = Debug|Win32
		{3410E374-CAE6-43DA-B206-CD1405360A78}.Release|x64.ActiveCfg = Release|x64
		{3410E374-CAE6-43DA-B206-CD1405360A78}.Release|x64.Build.0 = Release|x64
		{3410E374-CAE6-43DA-B206-CD1405360A78}.Release|x86.ActiveCfg = Release|Win32
		{3410E374-CAE6-43DA-B206-CD1405360A78}.Release|x86.Build.0 = Release|Win32
		{2A741FC1-CB1B-47D2-8C88-E1E65D9C369D}.Debug|x64.ActiveCfg = Debug|x64
		{2A741FC1-CB1B-47D2-8C88-E1E65D9C369D}.Debug|x64.Build.0 = Debug|x64
		{2A741FC1-CB1B-47D2-8C88-E1E65D9C369D}.Debug|x86.ActiveCfg = Debug|Win32
		{2A741FC1-CB1B-47D2-8C88-E1E65D9C369D}.Debug|x86.Build.0 = Debug|Win32
		{2A741FC1-CB1B-47D2-8C88-E1E65D9C369D}.Release|x64.ActiveCfg = Release|x64
		{2A741FC1-CB1B-47D2-8C88-E1E65D9C369D}.Release|x64.Build.0 = Release|x64
		{2A741FC1-CB1B-47D2-8C88-E1E65D9C369D}.Release|x86.ActiveCfg = Release|Win32
		{2A741FC1-CB1B-47D2-8C88-E1E65D9C369D}.Release|x86.Build.0 = Release|Win32
		{57A6753B-93D0-4BF9-B2DA-2184D76B4226}.Debug|x64.ActiveCfg = Debug|x64
		{57A6753B-93D0-4BF9-B2DA-2184D76B4226}.Debug|x64.Build.0 = Debug|x64
		{57A6753B-93D0-4BF9-B2DA-2184D76B4226}.Debug|x86.ActiveCfg = Debug|Win32
		{57A6753B-93D0-4BF9-B2DA-2184D76B4226}.Debug|x86.Build.0 = Debug|Win32
		{57A6753B-93D0-4BF9-B2DA-2184D76B4226}.Release|x64.ActiveCfg = Release|x64
		{57A6753B-93D0-4BF9-B2DA-2184D76B4226}.Release|x64.Build.0 = Release|x64
		{57A6753B-93D0-4BF9-B2DA-2184D76B4226}.Release|x86.ActiveCfg = Release|Win32
		{57A6753B-93D0-4BF9-B2DA-2184D76B4226}.Release|x86.Build.0 = Release|Win32
		{E862AFB5-145E-420D-801B-BFE3DC03CC7E}.Debug|x64.ActiveCfg = Debug|x64
		{E862AFB5-145E-420D-801B-BFE3DC03CC7E}.Debug|x64.Build.0 = Debug|x64
		{E862AFB5-145E-420D-801B-BFE3DC03CC7E}.Debug|x86.ActiveCfg = Debug|Win32
		{E862AFB5-145E-420D-801B-BFE3DC03CC7E}.Debug|x86.Build.0 = Debug|Win32
		{E862AFB5-145E-420D-801B-BFE3DC03CC7E}.Release|x64.ActiveCfg = Release|x64
		{E862AFB5-145E-420D-801B-BFE3DC03CC7E}.Release|x64.Build.0 = Release|x64
		{E862AFB5-145E-420D-801B-BFE3DC03CC7E}.Release|x86.ActiveCfg = Release|Win32
		{E862AFB5-145E-420D-801B-BFE3DC03CC7E}.Release|x86.Build.0 = Release|Win32
		{E24063E8-C72F-49B8-8572-A05160115C1B}.Debug|x64.ActiveCfg = Debug|x64
		{E24063E8-C72F-49B8-8572-A05160115C1B}.Debug|x64.Build.0 = Debug|x64
		{E24063E8-C72F-49B8-8572-A05160115C1B}.Debug|x86.ActiveCfg = Debug|Win32
		{E24063E8-C72F-49B8-8572-A05160115C1B}.Debug|x86.Build.0 = Debug|Win32
		{E24063E8-C72F-49B8-8572-A05160115C1B}.Release|x64.ActiveCfg = Release|x64
		{E24063E8-C72F-49B8-8572-A05160115C1B}.Release|x64.Build.0 = Release|x64
		{E24063E8-C72F-49B8-8572-A05160115C1B}.Release|x86.ActiveCfg = Release|Win32
		{E24063E8-C72F-49B8-8572-A05160115C1B}.Release|x86.Build.0 = Release|Win32
		{6B095C8A-275C-499A-B5B8-274F1D1CB66E}.Debug|x64.ActiveCfg = Debug|x64
		{6B095C8A-275C-499A-B5B8-274F1D1CB66E}.Debug|x64.Build.0 = Debug|x64
		{6B095C8A-275C-499A-B5B8-274F1D1CB66E}.Debug|x86.ActiveCfg = Debug|Win32
		{6B095C8A-275C-499A-B5B8-274F1D1CB66E}.Debug|x86.Build.0 = Debug|Win32
		{6B095C8A-275C-499A-B5B8-274F1D1CB66E}.Release|x64.ActiveCfg = Release|x64
		{6B095C8A-275C-499A-B5B8-274F1D1CB66E}.Release|x64.Build.0 = Release|x64
		{6B095C8A-275C-499A-B5B8-274F1D1CB66E}.Release|x86.ActiveCfg = Release|Win32
		{6B095C8A-275C-499A-B5B8-274F1D1CB66E}.Release|x86.Build.0 = Release|Win32
		{270CC640-7953-42DD-951F-B2CDC39BDB48}.Debug|x64.ActiveCfg = Debug|x64
		{270CC640-7953-42DD-951F-B2CDC39BDB48}.Debug|x64.Build.0 = Debug|x64
		{270CC640-7953-42DD-951F-B2CDC39BDB48}.Debug|x86.ActiveCfg = Debug|Win32
		{270CC640-7953-42DD-951F-B2CDC39BDB48}.Debug|x86.Build.0 = Debug|Win32
		{270CC640-7953-42DD-951F-B2CDC39BDB48}.Release|x64.ActiveCfg = Release|x64
		{270CC640-7953-42DD-951F-B2CDC39BDB48}.Release|x64.Build.0 = Release|x64
		{270CC640-7953-42DD-951F-B2CDC39BDB48}.Release|x86.ActiveCfg = Release|Win32
		{270CC640-7953-42DD-951F-B2CDC39BDB48}.Release|x86.Build.0 = Release|Win32
		{C6FD7E4F-D7FF-432C-8F21-D0D9A40755E2}.Debug|x64.ActiveCfg = Debug|x64
		{C6FD7E4F-D7FF-432C-8F21-D0D9A40755E2}.Debug|x64.Build.0 = Debug|x64
		{C6FD7E4F-D7FF-432C-8F21-D0D9A40755E2}.Debug|x86.ActiveCfg = Debug|Win32
		{C6FD7E4F-D7FF-432C-8F21-D0D9A40755E2}.Debug|x86.Build.0 = Debug|Win32
		{C6FD7E4F-D7FF-432C-8F21-D0D9A40755E2}.Release|x64.ActiveCfg = Release|x64
		{C6FD7E4F-D7FF-432C-8F21-D0D9A40755E2}.Release|x64.Build.0 = Release|x64
		{C6FD7E4F-D7FF-432C-8F21-D0D9A40755E2}.Release|x86.ActiveCfg = Release|Win32
		{C6FD7E4F-D7FF-432C-8F21-D0D9A40755E2}.Release|x86.Build.0 = Release|Win32
		{50029422-E295-4F9C-AA18-DCD44424D92F}.Debug|x64.ActiveCfg = Debug|x64
		{50029422-E295-4F9C-AA18-DCD44424D92F}.Debug|x64.Build.0 = Debug|x64
		{50029422-E295-4F9C-AA18-DCD44424D92F}.Debug|x86.ActiveCfg = Debug|Win32
		{50029422-E295-4F9C-AA18-DCD44424D92F}.Debug|x86.Build.0 = Debug|Win32
		{50029422-E295-4F9C-AA18-DCD44424D92F}.Release|x64.ActiveCfg = Release|x64
		{50029422-E295-4F9C-AA18-DCD44424D92F}.Release|x64.Build.0 = Release|x64
		{50029422-E295-4F9C-AA18-DCD44424D92F}.Release|x86.ActiveCfg = Release|Win32
		{50029422-E295-4F9C-AA18-DCD44424D92F}.Release|x86.Build.0 = Release|Win32
		{F95E082C-641E-42C2-B1B0-F36FB87C21D0}.Debug|x64.ActiveCfg = Debug|x64
		{F95E082C-641E-42C2-B1B0-F36FB87C21D0}.Debug|x64.Build.0 = Debug|x64
		{F95E082C-641E-42C2-B1B0-F36FB87C21D0}.Debug|x86.ActiveCfg = Debug|Win32
		{F95E082C-641E-42C2-B1B0-F36FB87C21D0}.Debug|x86.Build.0 = Debug|Win32
		{F95E082C-641E-42C2-B1B0-F36FB87C21D0}.Release|x64.ActiveCfg = Release|x64
		{F95E082C-641E-42C2-B1B0-F36FB87C21D0}.Release|x64.Build.0 = Release|x64
		{F95E082C-641E-42C2-B1B0-F36FB87C21D0}.Release|x86.ActiveCfg = Release|Win32
		{F95E082C-641E-42C2-B1B0-F36FB87C21D0}.Release|x86.Build.0 = Release|Win32
		{2D2260F8-EB59-47CF-9E2E-C8E859E9100D}.Debug|x64.ActiveCfg = Debug|x64
		{2D2260F8-EB59-47CF-9E2E-C8E859E9100D}.Debug|x64.Build.0 = Debug|x64
		{2D2260F8-EB59-47CF-9E2E-C8E859E9100D}.Debug|x86.ActiveCfg = Debug|Win32
		{2D2260F8-EB59-47CF-9E2E-C8E859E9100D}.Debug|x86.Build.0 = Debug|Win32
		{2D2260F8-EB59-47CF-9E2E-C8E859E9100D}.Release|x64.ActiveCfg = Release|x64
		{2D2260F8-EB59-47CF-9E2E-C8E859E9100D}.Release|x64.Build.0 = Release|x64
		{2D2260F8-EB59-47CF-9E2E-C8E859E9100D}.Release|x86.ActiveCfg = Release|Win32
		{2D2260F8-EB59-47CF-9E2E-C8E859E9100D}.Release|x86.Build.0 = Release|Win32
		{52B6C3FC-6947-407F-AA20-D21C3EA3A8EE}.Debug|x64.ActiveCfg = Debug|x64
		{52B6C3FC-6947-407F-AA20-D21C3EA3A8EE}.Debug|x64.Build.0 = Debug|x64
		{52B6C3FC-6947-407F-AA20-D21C3EA3A8EE}.Debug|x86.ActiveCfg = Debug|Win32
		{52B6C3FC-6947-407F-AA20-D21C3EA3A8EE}.Debug|x86.Build.0 = Debug|Win32
		{52B6C3FC-6947-407F-AA20-D21C3EA3A8EE}.Release|x64.ActiveCfg = Release|x64
		{52B6C3FC-6947-407F-AA20-D21C3EA3A8EE}.Release|x64.Build.0 = Release|x64
		{52B6C3FC-6947-407F-AA20-D21C3EA3A8EE}.Release|x86.ActiveCfg = Release|Win32
		{52B6C3FC-6947-407F-AA20-D21C3EA3A8EE}.Release|x86.Build.0 = Release|Win32
	EndGlobalSection
	GlobalSection(SolutionProperties) = preSolution
		HideSolutionNode = FALSE
	EndGlobalSection
	GlobalSection(ExtensibilityGlobals) = postSolution
		SolutionGuid = {870094D1-D1D2-4C63-B9EF-8381A4733CA7}
	EndGlobalSection
EndGlobal
