
Microsoft Visual Studio Solution File, Format Version 12.00
# Visual Studio 15
VisualStudioVersion = 15.0.28307.572
MinimumVisualStudioVersion = 10.0.40219.1
Project("{8BC9CEB8-8B4A-11D0-8D11-00A0C91BC942}") = "RSCalibration", "RSCalibration\RSCalibration.vcxproj", "{B5DA9D12-AD52-4DFC-B638-E3410F942363}"
EndProject
Project("{8BC9CEB8-8B4A-11D0-8D11-00A0C91BC942}") = "GetCameraIntrinsics", "GetCameraIntrinsics\GetCameraIntrinsics.vcxproj", "{FF845C28-81B1-42B1-8AE5-C40618733432}"
EndProject
Project("{8BC9CEB8-8B4A-11D0-8D11-00A0C91BC942}") = "TakeIRImage", "TakeIRImage\TakeIRImage.vcxproj", "{3410E374-CAE6-43DA-B206-CD1405360A78}"
EndProject
Project("{8BC9CEB8-8B4A-11D0-8D11-00A0C91BC942}") = "CreateMarker", "CreateMarker\CreateMarker.vcxproj", "{2A741FC1-CB1B-47D2-8C88-E1E65D9C369D}"
EndProject
Project("{8BC9CEB8-8B4A-11D0-8D11-00A0C91BC942}") = "MultiCamVisualOdometry", "MultiCamVisualOdometry\MultiCamVisualOdometry.vcxproj", "{57A6753B-93D0-4BF9-B2DA-2184D76B4226}"
EndProject
Project("{8BC9CEB8-8B4A-11D0-8D11-00A0C91BC942}") = "ArgSort", "ArgSort\ArgSort.vcxproj", "{E862AFB5-145E-420D-801B-BFE3DC03CC7E}"
EndProject
Project("{8BC9CEB8-8B4A-11D0-8D11-00A0C91BC942}") = "ReprojectionError", "ReprojectionError\ReprojectionError.vcxproj", "{E24063E8-C72F-49B8-8572-A05160115C1B}"
EndProject
Global
	GlobalSection(SolutionConfigurationPlatforms) = preSolution
		Debug|x64 = Debug|x64
		Debug|x86 = Debug|x86
		Release|x64 = Release|x64
		Release|x86 = Release|x86
	EndGlobalSection
	GlobalSection(ProjectConfigurationPlatforms) = postSolution
		{B5DA9D12-AD52-4DFC-B638-E3410F942363}.Debug|x64.ActiveCfg = Debug|x64
		{B5DA9D12-AD52-4DFC-B638-E3410F942363}.Debug|x64.Build.0 = Debug|x64
		{B5DA9D12-AD52-4DFC-B638-E3410F942363}.Debug|x86.ActiveCfg = Debug|Win32
		{B5DA9D12-AD52-4DFC-B638-E3410F942363}.Debug|x86.Build.0 = Debug|Win32
		{B5DA9D12-AD52-4DFC-B638-E3410F942363}.Release|x64.ActiveCfg = Release|x64
		{B5DA9D12-AD52-4DFC-B638-E3410F942363}.Release|x64.Build.0 = Release|x64
		{B5DA9D12-AD52-4DFC-B638-E3410F942363}.Release|x86.ActiveCfg = Release|Win32
		{B5DA9D12-AD52-4DFC-B638-E3410F942363}.Release|x86.Build.0 = Release|Win32
		{FF845C28-81B1-42B1-8AE5-C40618733432}.Debug|x64.ActiveCfg = Debug|x64
		{FF845C28-81B1-42B1-8AE5-C40618733432}.Debug|x64.Build.0 = Debug|x64
		{FF845C28-81B1-42B1-8AE5-C40618733432}.Debug|x86.ActiveCfg = Debug|Win32
		{FF845C28-81B1-42B1-8AE5-C40618733432}.Debug|x86.Build.0 = Debug|Win32
		{FF845C28-81B1-42B1-8AE5-C40618733432}.Release|x64.ActiveCfg = Release|x64
		{FF845C28-81B1-42B1-8AE5-C40618733432}.Release|x64.Build.0 = Release|x64
		{FF845C28-81B1-42B1-8AE5-C40618733432}.Release|x86.ActiveCfg = Release|Win32
		{FF845C28-81B1-42B1-8AE5-C40618733432}.Release|x86.Build.0 = Release|Win32
		{3410E374-CAE6-43DA-B206-CD1405360A78}.Debug|x64.ActiveCfg = Debug|x64
		{3410E374-CAE6-43DA-B206-CD1405360A78}.Debug|x64.Build.0 = Debug|x64
		{3410E374-CAE6-43DA-B206-CD1405360A78}.Debug|x86.ActiveCfg = Debug|Win32
		{3410E374-CAE6-43DA-B206-CD1405360A78}.Debug|x86.Build.0 = Debug|Win32
		{3410E374-CAE6-43DA-B206-CD1405360A78}.Release|x64.ActiveCfg = Release|x64
		{3410E374-CAE6-43DA-B206-CD1405360A78}.Release|x64.Build.0 = Release|x64
		{3410E374-CAE6-43DA-B206-CD1405360A78}.Release|x86.ActiveCfg = Release|Win32
		{3410E374-CAE6-43DA-B206-CD1405360A78}.Release|x86.Build.0 = Release|Win32
		{2A741FC1-CB1B-47D2-8C88-E1E65D9C369D}.Debug|x64.ActiveCfg = Debug|x64
		{2A741FC1-CB1B-47D2-8C88-E1E65D9C369D}.Debug|x64.Build.0 = Debug|x64
		{2A741FC1-CB1B-47D2-8C88-E1E65D9C369D}.Debug|x86.ActiveCfg = Debug|Win32
		{2A741FC1-CB1B-47D2-8C88-E1E65D9C369D}.Debug|x86.Build.0 = Debug|Win32
		{2A741FC1-CB1B-47D2-8C88-E1E65D9C369D}.Release|x64.ActiveCfg = Release|x64
		{2A741FC1-CB1B-47D2-8C88-E1E65D9C369D}.Release|x64.Build.0 = Release|x64
		{2A741FC1-CB1B-47D2-8C88-E1E65D9C369D}.Release|x86.ActiveCfg = Release|Win32
		{2A741FC1-CB1B-47D2-8C88-E1E65D9C369D}.Release|x86.Build.0 = Release|Win32
		{57A6753B-93D0-4BF9-B2DA-2184D76B4226}.Debug|x64.ActiveCfg = Debug|x64
		{57A6753B-93D0-4BF9-B2DA-2184D76B4226}.Debug|x64.Build.0 = Debug|x64
		{57A6753B-93D0-4BF9-B2DA-2184D76B4226}.Debug|x86.ActiveCfg = Debug|Win32
		{57A6753B-93D0-4BF9-B2DA-2184D76B4226}.Debug|x86.Build.0 = Debug|Win32
		{57A6753B-93D0-4BF9-B2DA-2184D76B4226}.Release|x64.ActiveCfg = Release|x64
		{57A6753B-93D0-4BF9-B2DA-2184D76B4226}.Release|x64.Build.0 = Release|x64
		{57A6753B-93D0-4BF9-B2DA-2184D76B4226}.Release|x86.ActiveCfg = Release|Win32
		{57A6753B-93D0-4BF9-B2DA-2184D76B4226}.Release|x86.Build.0 = Release|Win32
		{E862AFB5-145E-420D-801B-BFE3DC03CC7E}.Debug|x64.ActiveCfg = Debug|x64
		{E862AFB5-145E-420D-801B-BFE3DC03CC7E}.Debug|x64.Build.0 = Debug|x64
		{E862AFB5-145E-420D-801B-BFE3DC03CC7E}.Debug|x86.ActiveCfg = Debug|Win32
		{E862AFB5-145E-420D-801B-BFE3DC03CC7E}.Debug|x86.Build.0 = Debug|Win32
		{E862AFB5-145E-420D-801B-BFE3DC03CC7E}.Release|x64.ActiveCfg = Release|x64
		{E862AFB5-145E-420D-801B-BFE3DC03CC7E}.Release|x64.Build.0 = Release|x64
		{E862AFB5-145E-420D-801B-BFE3DC03CC7E}.Release|x86.ActiveCfg = Release|Win32
		{E862AFB5-145E-420D-801B-BFE3DC03CC7E}.Release|x86.Build.0 = Release|Win32
		{E24063E8-C72F-49B8-8572-A05160115C1B}.Debug|x64.ActiveCfg = Debug|x64
		{E24063E8-C72F-49B8-8572-A05160115C1B}.Debug|x64.Build.0 = Debug|x64
		{E24063E8-C72F-49B8-8572-A05160115C1B}.Debug|x86.ActiveCfg = Debug|Win32
		{E24063E8-C72F-49B8-8572-A05160115C1B}.Debug|x86.Build.0 = Debug|Win32
		{E24063E8-C72F-49B8-8572-A05160115C1B}.Release|x64.ActiveCfg = Release|x64
		{E24063E8-C72F-49B8-8572-A05160115C1B}.Release|x64.Build.0 = Release|x64
		{E24063E8-C72F-49B8-8572-A05160115C1B}.Release|x86.ActiveCfg = Release|Win32
		{E24063E8-C72F-49B8-8572-A05160115C1B}.Release|x86.Build.0 = Release|Win32
	EndGlobalSection
	GlobalSection(SolutionProperties) = preSolution
		HideSolutionNode = FALSE
	EndGlobalSection
	GlobalSection(ExtensibilityGlobals) = postSolution
		SolutionGuid = {870094D1-D1D2-4C63-B9EF-8381A4733CA7}
	EndGlobalSection
EndGlobal
